// !$*UTF8*$!
{
	archiveVersion = 1;
	classes = {
	};
	objectVersion = 46;
	objects = {

/* Begin PBXBuildFile section */
		AE3BB91E1861177700B83157 /* KDemoNestedControlPanelMediator.m in Sources */ = {isa = PBXBuildFile; fileRef = AE3BB91D1861177700B83157 /* KDemoNestedControlPanelMediator.m */; };
		AE3BB920186123CA00B83157 /* YourFirstNestedControlPanel.xib in Resources */ = {isa = PBXBuildFile; fileRef = AE3BB91F186123CA00B83157 /* YourFirstNestedControlPanel.xib */; };
		AE3BB922186123E400B83157 /* YourSecondNestedControlPanel.xib in Resources */ = {isa = PBXBuildFile; fileRef = AE3BB921186123E400B83157 /* YourSecondNestedControlPanel.xib */; };
		AE737D27185DED58008AF327 /* YourControlPanel.xib in Resources */ = {isa = PBXBuildFile; fileRef = AE737D26185DED58008AF327 /* YourControlPanel.xib */; };
		AEDEBF4318626D4200B27095 /* NestedDemoEntity.m in Sources */ = {isa = PBXBuildFile; fileRef = AEDEBF4218626D4200B27095 /* NestedDemoEntity.m */; };
		AEDEBF4618626D4300B27095 /* DemoEntity.m in Sources */ = {isa = PBXBuildFile; fileRef = AEDEBF4518626D4300B27095 /* DemoEntity.m */; };
		AEEF00E3185CA7300009D06E /* Cocoa.framework in Frameworks */ = {isa = PBXBuildFile; fileRef = AEEF00E2185CA7300009D06E /* Cocoa.framework */; };
		AEEF00ED185CA7300009D06E /* InfoPlist.strings in Resources */ = {isa = PBXBuildFile; fileRef = AEEF00EB185CA7300009D06E /* InfoPlist.strings */; };
		AEEF00EF185CA7300009D06E /* main.m in Sources */ = {isa = PBXBuildFile; fileRef = AEEF00EE185CA7300009D06E /* main.m */; };
		AEEF00F3185CA7300009D06E /* Credits.rtf in Resources */ = {isa = PBXBuildFile; fileRef = AEEF00F1185CA7300009D06E /* Credits.rtf */; };
		AEEF00F6185CA7300009D06E /* KDemoDocument.m in Sources */ = {isa = PBXBuildFile; fileRef = AEEF00F5185CA7300009D06E /* KDemoDocument.m */; };
		AEEF00F9185CA7300009D06E /* KDemoDocument.xib in Resources */ = {isa = PBXBuildFile; fileRef = AEEF00F7185CA7300009D06E /* KDemoDocument.xib */; };
		AEEF00FC185CA7300009D06E /* MainMenu.xib in Resources */ = {isa = PBXBuildFile; fileRef = AEEF00FA185CA7300009D06E /* MainMenu.xib */; };
		AEEF00FF185CA7300009D06E /* KDemoDocument.xcdatamodeld in Sources */ = {isa = PBXBuildFile; fileRef = AEEF00FD185CA7300009D06E /* KDemoDocument.xcdatamodeld */; };
		AEEF0101185CA7300009D06E /* Images.xcassets in Resources */ = {isa = PBXBuildFile; fileRef = AEEF0100185CA7300009D06E /* Images.xcassets */; };
		AEEF0108185CA7300009D06E /* XCTest.framework in Frameworks */ = {isa = PBXBuildFile; fileRef = AEEF0107185CA7300009D06E /* XCTest.framework */; };
		AEEF0109185CA7300009D06E /* Cocoa.framework in Frameworks */ = {isa = PBXBuildFile; fileRef = AEEF00E2185CA7300009D06E /* Cocoa.framework */; };
		AEEF0111185CA7300009D06E /* InfoPlist.strings in Resources */ = {isa = PBXBuildFile; fileRef = AEEF010F185CA7300009D06E /* InfoPlist.strings */; };
		AEEF0113185CA7300009D06E /* KControlPanelsDemoTests.m in Sources */ = {isa = PBXBuildFile; fileRef = AEEF0112185CA7300009D06E /* KControlPanelsDemoTests.m */; };
		AEEF011D185CA8490009D06E /* KControlPanels.framework in Frameworks */ = {isa = PBXBuildFile; fileRef = AEEF011C185CA8480009D06E /* KControlPanels.framework */; };
		AEEF0122185CA92C0009D06E /* KDemoControlPanelMediator.m in Sources */ = {isa = PBXBuildFile; fileRef = AEEF0121185CA92C0009D06E /* KDemoControlPanelMediator.m */; };
/* End PBXBuildFile section */

/* Begin PBXContainerItemProxy section */
		AEEF010A185CA7300009D06E /* PBXContainerItemProxy */ = {
			isa = PBXContainerItemProxy;
			containerPortal = AEEF00D7185CA7300009D06E /* Project object */;
			proxyType = 1;
			remoteGlobalIDString = AEEF00DE185CA7300009D06E;
			remoteInfo = KControlPanelsDemo;
		};
/* End PBXContainerItemProxy section */

/* Begin PBXFileReference section */
		AE3BB91C1861177600B83157 /* KDemoNestedControlPanelMediator.h */ = {isa = PBXFileReference; fileEncoding = 4; lastKnownFileType = sourcecode.c.h; path = KDemoNestedControlPanelMediator.h; sourceTree = "<group>"; };
		AE3BB91D1861177700B83157 /* KDemoNestedControlPanelMediator.m */ = {isa = PBXFileReference; fileEncoding = 4; lastKnownFileType = sourcecode.c.objc; path = KDemoNestedControlPanelMediator.m; sourceTree = "<group>"; };
		AE3BB91F186123CA00B83157 /* YourFirstNestedControlPanel.xib */ = {isa = PBXFileReference; fileEncoding = 4; lastKnownFileType = file.xib; path = YourFirstNestedControlPanel.xib; sourceTree = "<group>"; };
		AE3BB921186123E400B83157 /* YourSecondNestedControlPanel.xib */ = {isa = PBXFileReference; fileEncoding = 4; lastKnownFileType = file.xib; path = YourSecondNestedControlPanel.xib; sourceTree = "<group>"; };
		AE737D26185DED58008AF327 /* YourControlPanel.xib */ = {isa = PBXFileReference; fileEncoding = 4; lastKnownFileType = file.xib; path = YourControlPanel.xib; sourceTree = "<group>"; };
		AEDEBF4118626D4200B27095 /* NestedDemoEntity.h */ = {isa = PBXFileReference; fileEncoding = 4; lastKnownFileType = sourcecode.c.h; path = NestedDemoEntity.h; sourceTree = "<group>"; };
		AEDEBF4218626D4200B27095 /* NestedDemoEntity.m */ = {isa = PBXFileReference; fileEncoding = 4; lastKnownFileType = sourcecode.c.objc; path = NestedDemoEntity.m; sourceTree = "<group>"; };
		AEDEBF4418626D4200B27095 /* DemoEntity.h */ = {isa = PBXFileReference; fileEncoding = 4; lastKnownFileType = sourcecode.c.h; path = DemoEntity.h; sourceTree = "<group>"; };
		AEDEBF4518626D4300B27095 /* DemoEntity.m */ = {isa = PBXFileReference; fileEncoding = 4; lastKnownFileType = sourcecode.c.objc; path = DemoEntity.m; sourceTree = "<group>"; };
		AEEF00DF185CA7300009D06E /* KControlPanelsDemo.app */ = {isa = PBXFileReference; explicitFileType = wrapper.application; includeInIndex = 0; path = KControlPanelsDemo.app; sourceTree = BUILT_PRODUCTS_DIR; };
		AEEF00E2185CA7300009D06E /* Cocoa.framework */ = {isa = PBXFileReference; lastKnownFileType = wrapper.framework; name = Cocoa.framework; path = System/Library/Frameworks/Cocoa.framework; sourceTree = SDKROOT; };
		AEEF00E5185CA7300009D06E /* AppKit.framework */ = {isa = PBXFileReference; lastKnownFileType = wrapper.framework; name = AppKit.framework; path = System/Library/Frameworks/AppKit.framework; sourceTree = SDKROOT; };
		AEEF00E6185CA7300009D06E /* CoreData.framework */ = {isa = PBXFileReference; lastKnownFileType = wrapper.framework; name = CoreData.framework; path = System/Library/Frameworks/CoreData.framework; sourceTree = SDKROOT; };
		AEEF00E7185CA7300009D06E /* Foundation.framework */ = {isa = PBXFileReference; lastKnownFileType = wrapper.framework; name = Foundation.framework; path = System/Library/Frameworks/Foundation.framework; sourceTree = SDKROOT; };
		AEEF00EA185CA7300009D06E /* KControlPanelsDemo-Info.plist */ = {isa = PBXFileReference; lastKnownFileType = text.plist.xml; path = "KControlPanelsDemo-Info.plist"; sourceTree = "<group>"; };
		AEEF00EC185CA7300009D06E /* en */ = {isa = PBXFileReference; lastKnownFileType = text.plist.strings; name = en; path = en.lproj/InfoPlist.strings; sourceTree = "<group>"; };
		AEEF00EE185CA7300009D06E /* main.m */ = {isa = PBXFileReference; lastKnownFileType = sourcecode.c.objc; path = main.m; sourceTree = "<group>"; };
		AEEF00F0185CA7300009D06E /* KControlPanelsDemo-Prefix.pch */ = {isa = PBXFileReference; lastKnownFileType = sourcecode.c.h; path = "KControlPanelsDemo-Prefix.pch"; sourceTree = "<group>"; };
		AEEF00F2185CA7300009D06E /* en */ = {isa = PBXFileReference; lastKnownFileType = text.rtf; name = en; path = en.lproj/Credits.rtf; sourceTree = "<group>"; };
		AEEF00F4185CA7300009D06E /* KDemoDocument.h */ = {isa = PBXFileReference; lastKnownFileType = sourcecode.c.h; name = KDemoDocument.h; path = KControlPanelsDemo/KDemoDocument.h; sourceTree = "<group>"; };
		AEEF00F5185CA7300009D06E /* KDemoDocument.m */ = {isa = PBXFileReference; lastKnownFileType = sourcecode.c.objc; name = KDemoDocument.m; path = KControlPanelsDemo/KDemoDocument.m; sourceTree = "<group>"; };
		AEEF00F8185CA7300009D06E /* Base */ = {isa = PBXFileReference; lastKnownFileType = file.xib; name = Base; path = Base.lproj/KDemoDocument.xib; sourceTree = "<group>"; };
		AEEF00FB185CA7300009D06E /* Base */ = {isa = PBXFileReference; lastKnownFileType = file.xib; name = Base; path = Base.lproj/MainMenu.xib; sourceTree = "<group>"; };
		AEEF00FE185CA7300009D06E /* KDemoDocument.xcdatamodel */ = {isa = PBXFileReference; lastKnownFileType = wrapper.xcdatamodel; path = KDemoDocument.xcdatamodel; sourceTree = "<group>"; };
		AEEF0100185CA7300009D06E /* Images.xcassets */ = {isa = PBXFileReference; lastKnownFileType = folder.assetcatalog; path = Images.xcassets; sourceTree = "<group>"; };
		AEEF0106185CA7300009D06E /* KControlPanelsDemoTests.xctest */ = {isa = PBXFileReference; explicitFileType = wrapper.cfbundle; includeInIndex = 0; path = KControlPanelsDemoTests.xctest; sourceTree = BUILT_PRODUCTS_DIR; };
		AEEF0107185CA7300009D06E /* XCTest.framework */ = {isa = PBXFileReference; lastKnownFileType = wrapper.framework; name = XCTest.framework; path = Library/Frameworks/XCTest.framework; sourceTree = DEVELOPER_DIR; };
		AEEF010E185CA7300009D06E /* KControlPanelsDemoTests-Info.plist */ = {isa = PBXFileReference; lastKnownFileType = text.plist.xml; path = "KControlPanelsDemoTests-Info.plist"; sourceTree = "<group>"; };
		AEEF0110185CA7300009D06E /* en */ = {isa = PBXFileReference; lastKnownFileType = text.plist.strings; name = en; path = en.lproj/InfoPlist.strings; sourceTree = "<group>"; };
		AEEF0112185CA7300009D06E /* KControlPanelsDemoTests.m */ = {isa = PBXFileReference; lastKnownFileType = sourcecode.c.objc; path = KControlPanelsDemoTests.m; sourceTree = "<group>"; };
		AEEF011C185CA8480009D06E /* KControlPanels.framework */ = {isa = PBXFileReference; lastKnownFileType = wrapper.framework; name = KControlPanels.framework; path = ../Frameworks/KControlPanels.framework; sourceTree = "<group>"; };
		AEEF0120185CA92C0009D06E /* KDemoControlPanelMediator.h */ = {isa = PBXFileReference; fileEncoding = 4; lastKnownFileType = sourcecode.c.h; path = KDemoControlPanelMediator.h; sourceTree = "<group>"; };
		AEEF0121185CA92C0009D06E /* KDemoControlPanelMediator.m */ = {isa = PBXFileReference; fileEncoding = 4; lastKnownFileType = sourcecode.c.objc; path = KDemoControlPanelMediator.m; sourceTree = "<group>"; };
/* End PBXFileReference section */

/* Begin PBXFrameworksBuildPhase section */
		AEEF00DC185CA7300009D06E /* Frameworks */ = {
			isa = PBXFrameworksBuildPhase;
			buildActionMask = 2147483647;
			files = (
				AEEF011D185CA8490009D06E /* KControlPanels.framework in Frameworks */,
				AEEF00E3185CA7300009D06E /* Cocoa.framework in Frameworks */,
			);
			runOnlyForDeploymentPostprocessing = 0;
		};
		AEEF0103185CA7300009D06E /* Frameworks */ = {
			isa = PBXFrameworksBuildPhase;
			buildActionMask = 2147483647;
			files = (
				AEEF0109185CA7300009D06E /* Cocoa.framework in Frameworks */,
				AEEF0108185CA7300009D06E /* XCTest.framework in Frameworks */,
			);
			runOnlyForDeploymentPostprocessing = 0;
		};
/* End PBXFrameworksBuildPhase section */

/* Begin PBXGroup section */
		AE737D2B1860964B008AF327 /* Core Data */ = {
			isa = PBXGroup;
			children = (
				AEEF00FD185CA7300009D06E /* KDemoDocument.xcdatamodeld */,
				AEDEBF4418626D4200B27095 /* DemoEntity.h */,
				AEDEBF4518626D4300B27095 /* DemoEntity.m */,
				AEDEBF4118626D4200B27095 /* NestedDemoEntity.h */,
				AEDEBF4218626D4200B27095 /* NestedDemoEntity.m */,
				AEEF00F4185CA7300009D06E /* KDemoDocument.h */,
				AEEF00F5185CA7300009D06E /* KDemoDocument.m */,
			);
			name = "Core Data";
			path = ..;
			sourceTree = "<group>";
		};
		AEEF00D6185CA7300009D06E = {
			isa = PBXGroup;
			children = (
				AEEF00E8185CA7300009D06E /* KControlPanelsDemo */,
				AEEF010C185CA7300009D06E /* KControlPanelsDemoTests */,
				AEEF00E1185CA7300009D06E /* Frameworks */,
				AEEF00E0185CA7300009D06E /* Products */,
			);
			sourceTree = "<group>";
		};
		AEEF00E0185CA7300009D06E /* Products */ = {
			isa = PBXGroup;
			children = (
				AEEF00DF185CA7300009D06E /* KControlPanelsDemo.app */,
				AEEF0106185CA7300009D06E /* KControlPanelsDemoTests.xctest */,
			);
			name = Products;
			sourceTree = "<group>";
		};
		AEEF00E1185CA7300009D06E /* Frameworks */ = {
			isa = PBXGroup;
			children = (
				AEEF011C185CA8480009D06E /* KControlPanels.framework */,
				AEEF00E2185CA7300009D06E /* Cocoa.framework */,
				AEEF0107185CA7300009D06E /* XCTest.framework */,
				AEEF00E4185CA7300009D06E /* Other Frameworks */,
			);
			name = Frameworks;
			sourceTree = "<group>";
		};
		AEEF00E4185CA7300009D06E /* Other Frameworks */ = {
			isa = PBXGroup;
			children = (
				AEEF00E5185CA7300009D06E /* AppKit.framework */,
				AEEF00E6185CA7300009D06E /* CoreData.framework */,
				AEEF00E7185CA7300009D06E /* Foundation.framework */,
			);
			name = "Other Frameworks";
			sourceTree = "<group>";
		};
		AEEF00E8185CA7300009D06E /* KControlPanelsDemo */ = {
			isa = PBXGroup;
			children = (
				AE737D2B1860964B008AF327 /* Core Data */,
				AEEF011E185CA8690009D06E /* Control Panels */,
				AEEF00F7185CA7300009D06E /* KDemoDocument.xib */,
				AEEF00FA185CA7300009D06E /* MainMenu.xib */,
				AEEF0100185CA7300009D06E /* Images.xcassets */,
				AEEF00E9185CA7300009D06E /* Supporting Files */,
			);
			path = KControlPanelsDemo;
			sourceTree = "<group>";
		};
		AEEF00E9185CA7300009D06E /* Supporting Files */ = {
			isa = PBXGroup;
			children = (
				AEEF00EA185CA7300009D06E /* KControlPanelsDemo-Info.plist */,
				AEEF00EB185CA7300009D06E /* InfoPlist.strings */,
				AEEF00EE185CA7300009D06E /* main.m */,
				AEEF00F0185CA7300009D06E /* KControlPanelsDemo-Prefix.pch */,
				AEEF00F1185CA7300009D06E /* Credits.rtf */,
			);
			name = "Supporting Files";
			sourceTree = "<group>";
		};
		AEEF010C185CA7300009D06E /* KControlPanelsDemoTests */ = {
			isa = PBXGroup;
			children = (
				AEEF0112185CA7300009D06E /* KControlPanelsDemoTests.m */,
				AEEF010D185CA7300009D06E /* Supporting Files */,
			);
			path = KControlPanelsDemoTests;
			sourceTree = "<group>";
		};
		AEEF010D185CA7300009D06E /* Supporting Files */ = {
			isa = PBXGroup;
			children = (
				AEEF010E185CA7300009D06E /* KControlPanelsDemoTests-Info.plist */,
				AEEF010F185CA7300009D06E /* InfoPlist.strings */,
			);
			name = "Supporting Files";
			sourceTree = "<group>";
		};
		AEEF011E185CA8690009D06E /* Control Panels */ = {
			isa = PBXGroup;
			children = (
				AEEF0123185CAA560009D06E /* Xibs */,
				AEEF011F185CA8950009D06E /* Mediators */,
			);
			name = "Control Panels";
			sourceTree = "<group>";
		};
		AEEF011F185CA8950009D06E /* Mediators */ = {
			isa = PBXGroup;
			children = (
				AEEF0120185CA92C0009D06E /* KDemoControlPanelMediator.h */,
				AEEF0121185CA92C0009D06E /* KDemoControlPanelMediator.m */,
				AE3BB91C1861177600B83157 /* KDemoNestedControlPanelMediator.h */,
				AE3BB91D1861177700B83157 /* KDemoNestedControlPanelMediator.m */,
			);
			name = Mediators;
			sourceTree = "<group>";
		};
		AEEF0123185CAA560009D06E /* Xibs */ = {
			isa = PBXGroup;
			children = (
				AE737D26185DED58008AF327 /* YourControlPanel.xib */,
				AE3BB91F186123CA00B83157 /* YourFirstNestedControlPanel.xib */,
				AE3BB921186123E400B83157 /* YourSecondNestedControlPanel.xib */,
			);
			name = Xibs;
			sourceTree = "<group>";
		};
/* End PBXGroup section */

/* Begin PBXNativeTarget section */
		AEEF00DE185CA7300009D06E /* KControlPanelsDemo */ = {
			isa = PBXNativeTarget;
			buildConfigurationList = AEEF0116185CA7300009D06E /* Build configuration list for PBXNativeTarget "KControlPanelsDemo" */;
			buildPhases = (
				AEEF00DB185CA7300009D06E /* Sources */,
				AEEF00DC185CA7300009D06E /* Frameworks */,
				AEEF00DD185CA7300009D06E /* Resources */,
			);
			buildRules = (
			);
			dependencies = (
			);
			name = KControlPanelsDemo;
			productName = KControlPanelsDemo;
			productReference = AEEF00DF185CA7300009D06E /* KControlPanelsDemo.app */;
			productType = "com.apple.product-type.application";
		};
		AEEF0105185CA7300009D06E /* KControlPanelsDemoTests */ = {
			isa = PBXNativeTarget;
			buildConfigurationList = AEEF0119185CA7300009D06E /* Build configuration list for PBXNativeTarget "KControlPanelsDemoTests" */;
			buildPhases = (
				AEEF0102185CA7300009D06E /* Sources */,
				AEEF0103185CA7300009D06E /* Frameworks */,
				AEEF0104185CA7300009D06E /* Resources */,
			);
			buildRules = (
			);
			dependencies = (
				AEEF010B185CA7300009D06E /* PBXTargetDependency */,
			);
			name = KControlPanelsDemoTests;
			productName = KControlPanelsDemoTests;
			productReference = AEEF0106185CA7300009D06E /* KControlPanelsDemoTests.xctest */;
			productType = "com.apple.product-type.bundle.unit-test";
		};
/* End PBXNativeTarget section */

/* Begin PBXProject section */
		AEEF00D7185CA7300009D06E /* Project object */ = {
			isa = PBXProject;
			attributes = {
				CLASSPREFIX = KDemo;
				LastUpgradeCheck = 0500;
				ORGANIZATIONNAME = khr;
				TargetAttributes = {
					AEEF0105185CA7300009D06E = {
						TestTargetID = AEEF00DE185CA7300009D06E;
					};
				};
			};
			buildConfigurationList = AEEF00DA185CA7300009D06E /* Build configuration list for PBXProject "KControlPanelsDemo" */;
			compatibilityVersion = "Xcode 3.2";
			developmentRegion = English;
			hasScannedForEncodings = 0;
			knownRegions = (
				en,
				Base,
			);
			mainGroup = AEEF00D6185CA7300009D06E;
			productRefGroup = AEEF00E0185CA7300009D06E /* Products */;
			projectDirPath = "";
			projectRoot = "";
			targets = (
				AEEF00DE185CA7300009D06E /* KControlPanelsDemo */,
				AEEF0105185CA7300009D06E /* KControlPanelsDemoTests */,
			);
		};
/* End PBXProject section */

/* Begin PBXResourcesBuildPhase section */
		AEEF00DD185CA7300009D06E /* Resources */ = {
			isa = PBXResourcesBuildPhase;
			buildActionMask = 2147483647;
			files = (
				AE3BB922186123E400B83157 /* YourSecondNestedControlPanel.xib in Resources */,
				AEEF00F9185CA7300009D06E /* KDemoDocument.xib in Resources */,
				AEEF0101185CA7300009D06E /* Images.xcassets in Resources */,
				AE3BB920186123CA00B83157 /* YourFirstNestedControlPanel.xib in Resources */,
				AEEF00ED185CA7300009D06E /* InfoPlist.strings in Resources */,
				AE737D27185DED58008AF327 /* YourControlPanel.xib in Resources */,
				AEEF00F3185CA7300009D06E /* Credits.rtf in Resources */,
				AEEF00FC185CA7300009D06E /* MainMenu.xib in Resources */,
			);
			runOnlyForDeploymentPostprocessing = 0;
		};
		AEEF0104185CA7300009D06E /* Resources */ = {
			isa = PBXResourcesBuildPhase;
			buildActionMask = 2147483647;
			files = (
				AEEF0111185CA7300009D06E /* InfoPlist.strings in Resources */,
			);
			runOnlyForDeploymentPostprocessing = 0;
		};
/* End PBXResourcesBuildPhase section */

/* Begin PBXSourcesBuildPhase section */
		AEEF00DB185CA7300009D06E /* Sources */ = {
			isa = PBXSourcesBuildPhase;
			buildActionMask = 2147483647;
			files = (
				AEEF0122185CA92C0009D06E /* KDemoControlPanelMediator.m in Sources */,
				AEDEBF4618626D4300B27095 /* DemoEntity.m in Sources */,
				AE3BB91E1861177700B83157 /* KDemoNestedControlPanelMediator.m in Sources */,
				AEDEBF4318626D4200B27095 /* NestedDemoEntity.m in Sources */,
				AEEF00EF185CA7300009D06E /* main.m in Sources */,
				AEEF00F6185CA7300009D06E /* KDemoDocument.m in Sources */,
				AEEF00FF185CA7300009D06E /* KDemoDocument.xcdatamodeld in Sources */,
			);
			runOnlyForDeploymentPostprocessing = 0;
		};
		AEEF0102185CA7300009D06E /* Sources */ = {
			isa = PBXSourcesBuildPhase;
			buildActionMask = 2147483647;
			files = (
				AEEF0113185CA7300009D06E /* KControlPanelsDemoTests.m in Sources */,
			);
			runOnlyForDeploymentPostprocessing = 0;
		};
/* End PBXSourcesBuildPhase section */

/* Begin PBXTargetDependency section */
		AEEF010B185CA7300009D06E /* PBXTargetDependency */ = {
			isa = PBXTargetDependency;
			target = AEEF00DE185CA7300009D06E /* KControlPanelsDemo */;
			targetProxy = AEEF010A185CA7300009D06E /* PBXContainerItemProxy */;
		};
/* End PBXTargetDependency section */

/* Begin PBXVariantGroup section */
		AEEF00EB185CA7300009D06E /* InfoPlist.strings */ = {
			isa = PBXVariantGroup;
			children = (
				AEEF00EC185CA7300009D06E /* en */,
			);
			name = InfoPlist.strings;
			sourceTree = "<group>";
		};
		AEEF00F1185CA7300009D06E /* Credits.rtf */ = {
			isa = PBXVariantGroup;
			children = (
				AEEF00F2185CA7300009D06E /* en */,
			);
			name = Credits.rtf;
			sourceTree = "<group>";
		};
		AEEF00F7185CA7300009D06E /* KDemoDocument.xib */ = {
			isa = PBXVariantGroup;
			children = (
				AEEF00F8185CA7300009D06E /* Base */,
			);
			name = KDemoDocument.xib;
			sourceTree = "<group>";
		};
		AEEF00FA185CA7300009D06E /* MainMenu.xib */ = {
			isa = PBXVariantGroup;
			children = (
				AEEF00FB185CA7300009D06E /* Base */,
			);
			name = MainMenu.xib;
			sourceTree = "<group>";
		};
		AEEF010F185CA7300009D06E /* InfoPlist.strings */ = {
			isa = PBXVariantGroup;
			children = (
				AEEF0110185CA7300009D06E /* en */,
			);
			name = InfoPlist.strings;
			sourceTree = "<group>";
		};
/* End PBXVariantGroup section */

/* Begin XCBuildConfiguration section */
		AEEF0114185CA7300009D06E /* Debug */ = {
			isa = XCBuildConfiguration;
			buildSettings = {
				ALWAYS_SEARCH_USER_PATHS = NO;
				CLANG_CXX_LANGUAGE_STANDARD = "gnu++0x";
				CLANG_CXX_LIBRARY = "libc++";
				CLANG_ENABLE_OBJC_ARC = YES;
				CLANG_WARN_BOOL_CONVERSION = YES;
				CLANG_WARN_CONSTANT_CONVERSION = YES;
				CLANG_WARN_DIRECT_OBJC_ISA_USAGE = YES_ERROR;
				CLANG_WARN_EMPTY_BODY = YES;
				CLANG_WARN_ENUM_CONVERSION = YES;
				CLANG_WARN_INT_CONVERSION = YES;
				CLANG_WARN_OBJC_ROOT_CLASS = YES_ERROR;
				CLANG_WARN__DUPLICATE_METHOD_MATCH = YES;
				COPY_PHASE_STRIP = NO;
				GCC_C_LANGUAGE_STANDARD = gnu99;
				GCC_DYNAMIC_NO_PIC = NO;
				GCC_ENABLE_OBJC_EXCEPTIONS = YES;
				GCC_OPTIMIZATION_LEVEL = 0;
				GCC_PREPROCESSOR_DEFINITIONS = (
					"DEBUG=1",
					"$(inherited)",
				);
				GCC_SYMBOLS_PRIVATE_EXTERN = NO;
				GCC_WARN_64_TO_32_BIT_CONVERSION = YES;
				GCC_WARN_ABOUT_RETURN_TYPE = YES_ERROR;
				GCC_WARN_UNDECLARED_SELECTOR = YES;
				GCC_WARN_UNINITIALIZED_AUTOS = YES;
				GCC_WARN_UNUSED_FUNCTION = YES;
				GCC_WARN_UNUSED_VARIABLE = YES;
				MACOSX_DEPLOYMENT_TARGET = 10.9;
				ONLY_ACTIVE_ARCH = YES;
				SDKROOT = macosx;
			};
			name = Debug;
		};
		AEEF0115185CA7300009D06E /* Release */ = {
			isa = XCBuildConfiguration;
			buildSettings = {
				ALWAYS_SEARCH_USER_PATHS = NO;
				CLANG_CXX_LANGUAGE_STANDARD = "gnu++0x";
				CLANG_CXX_LIBRARY = "libc++";
				CLANG_ENABLE_OBJC_ARC = YES;
				CLANG_WARN_BOOL_CONVERSION = YES;
				CLANG_WARN_CONSTANT_CONVERSION = YES;
				CLANG_WARN_DIRECT_OBJC_ISA_USAGE = YES_ERROR;
				CLANG_WARN_EMPTY_BODY = YES;
				CLANG_WARN_ENUM_CONVERSION = YES;
				CLANG_WARN_INT_CONVERSION = YES;
				CLANG_WARN_OBJC_ROOT_CLASS = YES_ERROR;
				CLANG_WARN__DUPLICATE_METHOD_MATCH = YES;
				COPY_PHASE_STRIP = YES;
				DEBUG_INFORMATION_FORMAT = "dwarf-with-dsym";
				ENABLE_NS_ASSERTIONS = NO;
				GCC_C_LANGUAGE_STANDARD = gnu99;
				GCC_ENABLE_OBJC_EXCEPTIONS = YES;
				GCC_WARN_64_TO_32_BIT_CONVERSION = YES;
				GCC_WARN_ABOUT_RETURN_TYPE = YES_ERROR;
				GCC_WARN_UNDECLARED_SELECTOR = YES;
				GCC_WARN_UNINITIALIZED_AUTOS = YES;
				GCC_WARN_UNUSED_FUNCTION = YES;
				GCC_WARN_UNUSED_VARIABLE = YES;
				MACOSX_DEPLOYMENT_TARGET = 10.9;
				SDKROOT = macosx;
			};
			name = Release;
		};
		AEEF0117185CA7300009D06E /* Debug */ = {
			isa = XCBuildConfiguration;
			buildSettings = {
				ASSETCATALOG_COMPILER_APPICON_NAME = AppIcon;
				COMBINE_HIDPI_IMAGES = YES;
				FRAMEWORK_SEARCH_PATHS = (
					"$(inherited)",
					/Users/khr/cocoa/Frameworks,
				);
				GCC_PRECOMPILE_PREFIX_HEADER = YES;
				GCC_PREFIX_HEADER = "KControlPanelsDemo/KControlPanelsDemo-Prefix.pch";
				INFOPLIST_FILE = "KControlPanelsDemo/KControlPanelsDemo-Info.plist";
				MOMC_NO_INVERSE_RELATIONSHIP_WARNINGS = YES;
				PRODUCT_NAME = "$(TARGET_NAME)";
				WRAPPER_EXTENSION = app;
			};
			name = Debug;
		};
		AEEF0118185CA7300009D06E /* Release */ = {
			isa = XCBuildConfiguration;
			buildSettings = {
				ASSETCATALOG_COMPILER_APPICON_NAME = AppIcon;
				COMBINE_HIDPI_IMAGES = YES;
				FRAMEWORK_SEARCH_PATHS = (
					"$(inherited)",
					/Users/khr/cocoa/Frameworks,
				);
				GCC_PRECOMPILE_PREFIX_HEADER = YES;
				GCC_PREFIX_HEADER = "KControlPanelsDemo/KControlPanelsDemo-Prefix.pch";
				INFOPLIST_FILE = "KControlPanelsDemo/KControlPanelsDemo-Info.plist";
				MOMC_NO_INVERSE_RELATIONSHIP_WARNINGS = YES;
				PRODUCT_NAME = "$(TARGET_NAME)";
				WRAPPER_EXTENSION = app;
			};
			name = Release;
		};
		AEEF011A185CA7300009D06E /* Debug */ = {
			isa = XCBuildConfiguration;
			buildSettings = {
				BUNDLE_LOADER = "$(BUILT_PRODUCTS_DIR)/KControlPanelsDemo.app/Contents/MacOS/KControlPanelsDemo";
				COMBINE_HIDPI_IMAGES = YES;
				FRAMEWORK_SEARCH_PATHS = (
					"$(DEVELOPER_FRAMEWORKS_DIR)",
					"$(inherited)",
				);
				GCC_PRECOMPILE_PREFIX_HEADER = YES;
				GCC_PREFIX_HEADER = "KControlPanelsDemo/KControlPanelsDemo-Prefix.pch";
				GCC_PREPROCESSOR_DEFINITIONS = (
					"DEBUG=1",
					"$(inherited)",
				);
				INFOPLIST_FILE = "KControlPanelsDemoTests/KControlPanelsDemoTests-Info.plist";
				PRODUCT_NAME = "$(TARGET_NAME)";
				TEST_HOST = "$(BUNDLE_LOADER)";
				WRAPPER_EXTENSION = xctest;
			};
			name = Debug;
		};
		AEEF011B185CA7300009D06E /* Release */ = {
			isa = XCBuildConfiguration;
			buildSettings = {
				BUNDLE_LOADER = "$(BUILT_PRODUCTS_DIR)/KControlPanelsDemo.app/Contents/MacOS/KControlPanelsDemo";
				COMBINE_HIDPI_IMAGES = YES;
				FRAMEWORK_SEARCH_PATHS = (
					"$(DEVELOPER_FRAMEWORKS_DIR)",
					"$(inherited)",
				);
				GCC_PRECOMPILE_PREFIX_HEADER = YES;
				GCC_PREFIX_HEADER = "KControlPanelsDemo/KControlPanelsDemo-Prefix.pch";
				INFOPLIST_FILE = "KControlPanelsDemoTests/KControlPanelsDemoTests-Info.plist";
				PRODUCT_NAME = "$(TARGET_NAME)";
				TEST_HOST = "$(BUNDLE_LOADER)";
				WRAPPER_EXTENSION = xctest;
			};
			name = Release;
		};
/* End XCBuildConfiguration section */

/* Begin XCConfigurationList section */
		AEEF00DA185CA7300009D06E /* Build configuration list for PBXProject "KControlPanelsDemo" */ = {
			isa = XCConfigurationList;
			buildConfigurations = (
				AEEF0114185CA7300009D06E /* Debug */,
				AEEF0115185CA7300009D06E /* Release */,
			);
			defaultConfigurationIsVisible = 0;
			defaultConfigurationName = Release;
		};
		AEEF0116185CA7300009D06E /* Build configuration list for PBXNativeTarget "KControlPanelsDemo" */ = {
			isa = XCConfigurationList;
			buildConfigurations = (
				AEEF0117185CA7300009D06E /* Debug */,
				AEEF0118185CA7300009D06E /* Release */,
			);
			defaultConfigurationIsVisible = 0;
			defaultConfigurationName = Release;
		};
		AEEF0119185CA7300009D06E /* Build configuration list for PBXNativeTarget "KControlPanelsDemoTests" */ = {
			isa = XCConfigurationList;
			buildConfigurations = (
				AEEF011A185CA7300009D06E /* Debug */,
				AEEF011B185CA7300009D06E /* Release */,
			);
			defaultConfigurationIsVisible = 0;
			defaultConfigurationName = Release;
		};
/* End XCConfigurationList section */

/* Begin XCVersionGroup section */
		AEEF00FD185CA7300009D06E /* KDemoDocument.xcdatamodeld */ = {
			isa = XCVersionGroup;
			children = (
				AEEF00FE185CA7300009D06E /* KDemoDocument.xcdatamodel */,
			);
			currentVersion = AEEF00FE185CA7300009D06E /* KDemoDocument.xcdatamodel */;
			name = KDemoDocument.xcdatamodeld;
			path = KControlPanelsDemo/KDemoDocument.xcdatamodeld;
			sourceTree = "<group>";
			versionGroupType = wrapper.xcdatamodel;
		};
/* End XCVersionGroup section */
	};
	rootObject = AEEF00D7185CA7300009D06E /* Project object */;
}
